
Microsoft Visual Studio Solution File, Format Version 12.00
# Visual Studio Version 17
VisualStudioVersion = 17.4.33110.190
MinimumVisualStudioVersion = 10.0.40219.1
Project("{9A19103F-16F7-4668-BE54-9A1E7A4F7556}") = "Logica", "Logica\Logica.csproj", "{E3392068-1D35-47EC-81C1-053A3E760F1B}"
EndProject
Project("{9A19103F-16F7-4668-BE54-9A1E7A4F7556}") = "Datalaag", "Datalaag\Datalaag.csproj", "{3014D602-DFEC-4CFE-9526-6D5DFD223666}"
EndProject
Project("{9A19103F-16F7-4668-BE54-9A1E7A4F7556}") = "BrainfuckConsole", "BrainfuckConsole\BrainfuckConsole.csproj", "{4BB4FE9E-3CE3-48F3-9B36-1AB59D7F634C}"
EndProject
Project("{FAE04EC0-301F-11D3-BF4B-00C04F79EFBC}") = "Globals", "Globals\Globals.csproj", "{C9A858B6-20D4-4181-A010-971A4A663584}"
EndProject
Global
	GlobalSection(SolutionConfigurationPlatforms) = preSolution
		Debug|Any CPU = Debug|Any CPU
		Release|Any CPU = Release|Any CPU
	EndGlobalSection
	GlobalSection(ProjectConfigurationPlatforms) = postSolution
		{E3392068-1D35-47EC-81C1-053A3E760F1B}.Debug|Any CPU.ActiveCfg = Debug|Any CPU
		{E3392068-1D35-47EC-81C1-053A3E760F1B}.Debug|Any CPU.Build.0 = Debug|Any CPU
		{E3392068-1D35-47EC-81C1-053A3E760F1B}.Release|Any CPU.ActiveCfg = Release|Any CPU
		{E3392068-1D35-47EC-81C1-053A3E760F1B}.Release|Any CPU.Build.0 = Release|Any CPU
		{3014D602-DFEC-4CFE-9526-6D5DFD223666}.Debug|Any CPU.ActiveCfg = Debug|Any CPU
		{3014D602-DFEC-4CFE-9526-6D5DFD223666}.Debug|Any CPU.Build.0 = Debug|Any CPU
		{3014D602-DFEC-4CFE-9526-6D5DFD223666}.Release|Any CPU.ActiveCfg = Release|Any CPU
		{3014D602-DFEC-4CFE-9526-6D5DFD223666}.Release|Any CPU.Build.0 = Release|Any CPU
		{4BB4FE9E-3CE3-48F3-9B36-1AB59D7F634C}.Debug|Any CPU.ActiveCfg = Debug|Any CPU
		{4BB4FE9E-3CE3-48F3-9B36-1AB59D7F634C}.Debug|Any CPU.Build.0 = Debug|Any CPU
		{4BB4FE9E-3CE3-48F3-9B36-1AB59D7F634C}.Release|Any CPU.ActiveCfg = Release|Any CPU
		{4BB4FE9E-3CE3-48F3-9B36-1AB59D7F634C}.Release|Any CPU.Build.0 = Release|Any CPU
		{C9A858B6-20D4-4181-A010-971A4A663584}.Debug|Any CPU.ActiveCfg = Debug|Any CPU
		{C9A858B6-20D4-4181-A010-971A4A663584}.Debug|Any CPU.Build.0 = Debug|Any CPU
		{C9A858B6-20D4-4181-A010-971A4A663584}.Release|Any CPU.ActiveCfg = Release|Any CPU
		{C9A858B6-20D4-4181-A010-971A4A663584}.Release|Any CPU.Build.0 = Release|Any CPU
	EndGlobalSection
	GlobalSection(SolutionProperties) = preSolution
		HideSolutionNode = FALSE
	EndGlobalSection
	GlobalSection(ExtensibilityGlobals) = postSolution
		SolutionGuid = {9C70DF00-C72A-4B67-9CE7-650BDF95AA92}
	EndGlobalSection
EndGlobal
